
Microsoft Visual Studio Solution File, Format Version 12.00
# Visual Studio Version 16
VisualStudioVersion = 16.0.29613.14
MinimumVisualStudioVersion = 10.0.40219.1
Project("{FAE04EC0-301F-11D3-BF4B-00C04F79EFBC}") = "ArrayToList", "ArrayToList\ArrayToList.csproj", "{79A3C8BA-1358-44A1-9A9A-480156C2F028}"
EndProject
Global
	GlobalSection(SolutionConfigurationPlatforms) = preSolution
		Debug|Any CPU = Debug|Any CPU
		Release|Any CPU = Release|Any CPU
	EndGlobalSection
	GlobalSection(ProjectConfigurationPlatforms) = postSolution
		{79A3C8BA-1358-44A1-9A9A-480156C2F028}.Debug|Any CPU.ActiveCfg = Debug|Any CPU
		{79A3C8BA-1358-44A1-9A9A-480156C2F028}.Debug|Any CPU.Build.0 = Debug|Any CPU
		{79A3C8BA-1358-44A1-9A9A-480156C2F028}.Release|Any CPU.ActiveCfg = Release|Any CPU
		{79A3C8BA-1358-44A1-9A9A-480156C2F028}.Release|Any CPU.Build.0 = Release|Any CPU
	EndGlobalSection
	GlobalSection(SolutionProperties) = preSolution
		HideSolutionNode = FALSE
	EndGlobalSection
	GlobalSection(ExtensibilityGlobals) = postSolution
		SolutionGuid = {3257126A-7DC7-42F8-B3B5-8EC111C3FDD9}
	EndGlobalSection
EndGlobal
