
Microsoft Visual Studio Solution File, Format Version 12.00
# Visual Studio Version 16
VisualStudioVersion = 16.0.29613.14
MinimumVisualStudioVersion = 10.0.40219.1
Project("{FAE04EC0-301F-11D3-BF4B-00C04F79EFBC}") = "DesignPattern", "DesignPattern\DesignPattern.csproj", "{1B7E950F-47B9-441A-9A0C-343D25BA300C}"
EndProject
Global
	GlobalSection(SolutionConfigurationPlatforms) = preSolution
		Debug|Any CPU = Debug|Any CPU
		Release|Any CPU = Release|Any CPU
	EndGlobalSection
	GlobalSection(ProjectConfigurationPlatforms) = postSolution
		{1B7E950F-47B9-441A-9A0C-343D25BA300C}.Debug|Any CPU.ActiveCfg = Debug|Any CPU
		{1B7E950F-47B9-441A-9A0C-343D25BA300C}.Debug|Any CPU.Build.0 = Debug|Any CPU
		{1B7E950F-47B9-441A-9A0C-343D25BA300C}.Release|Any CPU.ActiveCfg = Release|Any CPU
		{1B7E950F-47B9-441A-9A0C-343D25BA300C}.Release|Any CPU.Build.0 = Release|Any CPU
	EndGlobalSection
	GlobalSection(SolutionProperties) = preSolution
		HideSolutionNode = FALSE
	EndGlobalSection
	GlobalSection(ExtensibilityGlobals) = postSolution
		SolutionGuid = {6002C6B5-C7EB-4932-8F04-3BAF613572ED}
	EndGlobalSection
EndGlobal
