
Microsoft Visual Studio Solution File, Format Version 12.00
# Visual Studio Version 16
VisualStudioVersion = 16.0.29613.14
MinimumVisualStudioVersion = 10.0.40219.1
Project("{FAE04EC0-301F-11D3-BF4B-00C04F79EFBC}") = "Array", "Array\Array.csproj", "{7B777BF1-BE37-4BAB-AF90-018DAC1631A8}"
EndProject
Global
	GlobalSection(SolutionConfigurationPlatforms) = preSolution
		Debug|Any CPU = Debug|Any CPU
		Release|Any CPU = Release|Any CPU
	EndGlobalSection
	GlobalSection(ProjectConfigurationPlatforms) = postSolution
		{7B777BF1-BE37-4BAB-AF90-018DAC1631A8}.Debug|Any CPU.ActiveCfg = Debug|Any CPU
		{7B777BF1-BE37-4BAB-AF90-018DAC1631A8}.Debug|Any CPU.Build.0 = Debug|Any CPU
		{7B777BF1-BE37-4BAB-AF90-018DAC1631A8}.Release|Any CPU.ActiveCfg = Release|Any CPU
		{7B777BF1-BE37-4BAB-AF90-018DAC1631A8}.Release|Any CPU.Build.0 = Release|Any CPU
	EndGlobalSection
	GlobalSection(SolutionProperties) = preSolution
		HideSolutionNode = FALSE
	EndGlobalSection
	GlobalSection(ExtensibilityGlobals) = postSolution
		SolutionGuid = {78332FFC-0EE3-4614-9516-C3F0E4498F6B}
	EndGlobalSection
EndGlobal
