
Microsoft Visual Studio Solution File, Format Version 12.00
# Visual Studio Version 16
VisualStudioVersion = 16.0.29613.14
MinimumVisualStudioVersion = 10.0.40219.1
Project("{FAE04EC0-301F-11D3-BF4B-00C04F79EFBC}") = "HTML_Page_String_Builder", "HTML_Page_String_Builder\HTML_Page_String_Builder.csproj", "{77C6BF1A-A022-465A-B6C8-3EB132C7A0CE}"
EndProject
Global
	GlobalSection(SolutionConfigurationPlatforms) = preSolution
		Debug|Any CPU = Debug|Any CPU
		Release|Any CPU = Release|Any CPU
	EndGlobalSection
	GlobalSection(ProjectConfigurationPlatforms) = postSolution
		{77C6BF1A-A022-465A-B6C8-3EB132C7A0CE}.Debug|Any CPU.ActiveCfg = Debug|Any CPU
		{77C6BF1A-A022-465A-B6C8-3EB132C7A0CE}.Debug|Any CPU.Build.0 = Debug|Any CPU
		{77C6BF1A-A022-465A-B6C8-3EB132C7A0CE}.Release|Any CPU.ActiveCfg = Release|Any CPU
		{77C6BF1A-A022-465A-B6C8-3EB132C7A0CE}.Release|Any CPU.Build.0 = Release|Any CPU
	EndGlobalSection
	GlobalSection(SolutionProperties) = preSolution
		HideSolutionNode = FALSE
	EndGlobalSection
	GlobalSection(ExtensibilityGlobals) = postSolution
		SolutionGuid = {3958CF98-1F8E-4862-BDE7-6760C5F7BACD}
	EndGlobalSection
EndGlobal
