
Microsoft Visual Studio Solution File, Format Version 12.00
# Visual Studio Version 16
VisualStudioVersion = 16.0.29613.14
MinimumVisualStudioVersion = 10.0.40219.1
Project("{FAE04EC0-301F-11D3-BF4B-00C04F79EFBC}") = "Lab2_5", "Lab2_5\Lab2_5.csproj", "{30653CC4-A21E-41FC-84AB-8C8C472E869B}"
EndProject
Global
	GlobalSection(SolutionConfigurationPlatforms) = preSolution
		Debug|Any CPU = Debug|Any CPU
		Release|Any CPU = Release|Any CPU
	EndGlobalSection
	GlobalSection(ProjectConfigurationPlatforms) = postSolution
		{30653CC4-A21E-41FC-84AB-8C8C472E869B}.Debug|Any CPU.ActiveCfg = Debug|Any CPU
		{30653CC4-A21E-41FC-84AB-8C8C472E869B}.Debug|Any CPU.Build.0 = Debug|Any CPU
		{30653CC4-A21E-41FC-84AB-8C8C472E869B}.Release|Any CPU.ActiveCfg = Release|Any CPU
		{30653CC4-A21E-41FC-84AB-8C8C472E869B}.Release|Any CPU.Build.0 = Release|Any CPU
	EndGlobalSection
	GlobalSection(SolutionProperties) = preSolution
		HideSolutionNode = FALSE
	EndGlobalSection
	GlobalSection(ExtensibilityGlobals) = postSolution
		SolutionGuid = {6D03D7C5-13B3-412F-A1F9-6C54B01DCC98}
	EndGlobalSection
EndGlobal
