
Microsoft Visual Studio Solution File, Format Version 12.00
# Visual Studio Version 16
VisualStudioVersion = 16.0.29613.14
MinimumVisualStudioVersion = 10.0.40219.1
Project("{FAE04EC0-301F-11D3-BF4B-00C04F79EFBC}") = "loops", "loops\loops.csproj", "{9E2AA736-8E8B-4B91-8C64-D316370A9C09}"
EndProject
Global
	GlobalSection(SolutionConfigurationPlatforms) = preSolution
		Debug|Any CPU = Debug|Any CPU
		Release|Any CPU = Release|Any CPU
	EndGlobalSection
	GlobalSection(ProjectConfigurationPlatforms) = postSolution
		{9E2AA736-8E8B-4B91-8C64-D316370A9C09}.Debug|Any CPU.ActiveCfg = Debug|Any CPU
		{9E2AA736-8E8B-4B91-8C64-D316370A9C09}.Debug|Any CPU.Build.0 = Debug|Any CPU
		{9E2AA736-8E8B-4B91-8C64-D316370A9C09}.Release|Any CPU.ActiveCfg = Release|Any CPU
		{9E2AA736-8E8B-4B91-8C64-D316370A9C09}.Release|Any CPU.Build.0 = Release|Any CPU
	EndGlobalSection
	GlobalSection(SolutionProperties) = preSolution
		HideSolutionNode = FALSE
	EndGlobalSection
	GlobalSection(ExtensibilityGlobals) = postSolution
		SolutionGuid = {3436BA6D-7CFC-42D5-88AB-0211611CE8ED}
	EndGlobalSection
EndGlobal
