
Microsoft Visual Studio Solution File, Format Version 12.00
# Visual Studio Version 16
VisualStudioVersion = 16.0.29613.14
MinimumVisualStudioVersion = 10.0.40219.1
Project("{FAE04EC0-301F-11D3-BF4B-00C04F79EFBC}") = "OOP_Concept_CoffeeMug", "OOP_Concept_CoffeeMug\OOP_Concept_CoffeeMug.csproj", "{32D99959-4207-495F-A979-C329C5E0C507}"
EndProject
Global
	GlobalSection(SolutionConfigurationPlatforms) = preSolution
		Debug|Any CPU = Debug|Any CPU
		Release|Any CPU = Release|Any CPU
	EndGlobalSection
	GlobalSection(ProjectConfigurationPlatforms) = postSolution
		{32D99959-4207-495F-A979-C329C5E0C507}.Debug|Any CPU.ActiveCfg = Debug|Any CPU
		{32D99959-4207-495F-A979-C329C5E0C507}.Debug|Any CPU.Build.0 = Debug|Any CPU
		{32D99959-4207-495F-A979-C329C5E0C507}.Release|Any CPU.ActiveCfg = Release|Any CPU
		{32D99959-4207-495F-A979-C329C5E0C507}.Release|Any CPU.Build.0 = Release|Any CPU
	EndGlobalSection
	GlobalSection(SolutionProperties) = preSolution
		HideSolutionNode = FALSE
	EndGlobalSection
	GlobalSection(ExtensibilityGlobals) = postSolution
		SolutionGuid = {122A2A66-5410-4D69-A442-85F7DD8B386C}
	EndGlobalSection
EndGlobal
