
Microsoft Visual Studio Solution File, Format Version 12.00
# Visual Studio Version 16
VisualStudioVersion = 16.0.29613.14
MinimumVisualStudioVersion = 10.0.40219.1
Project("{FAE04EC0-301F-11D3-BF4B-00C04F79EFBC}") = "Database_Lab", "Database_Lab\Database_Lab.csproj", "{ECD5BD88-F6A6-4EAA-9DD8-80AB51DB03B6}"
EndProject
Global
	GlobalSection(SolutionConfigurationPlatforms) = preSolution
		Debug|Any CPU = Debug|Any CPU
		Release|Any CPU = Release|Any CPU
	EndGlobalSection
	GlobalSection(ProjectConfigurationPlatforms) = postSolution
		{ECD5BD88-F6A6-4EAA-9DD8-80AB51DB03B6}.Debug|Any CPU.ActiveCfg = Debug|Any CPU
		{ECD5BD88-F6A6-4EAA-9DD8-80AB51DB03B6}.Debug|Any CPU.Build.0 = Debug|Any CPU
		{ECD5BD88-F6A6-4EAA-9DD8-80AB51DB03B6}.Release|Any CPU.ActiveCfg = Release|Any CPU
		{ECD5BD88-F6A6-4EAA-9DD8-80AB51DB03B6}.Release|Any CPU.Build.0 = Release|Any CPU
	EndGlobalSection
	GlobalSection(SolutionProperties) = preSolution
		HideSolutionNode = FALSE
	EndGlobalSection
	GlobalSection(ExtensibilityGlobals) = postSolution
		SolutionGuid = {542B89D0-92E3-4F54-ADF3-5F2BA99F7E51}
	EndGlobalSection
EndGlobal
