
Microsoft Visual Studio Solution File, Format Version 12.00
# Visual Studio Version 16
VisualStudioVersion = 16.0.29613.14
MinimumVisualStudioVersion = 10.0.40219.1
Project("{FAE04EC0-301F-11D3-BF4B-00C04F79EFBC}") = "Polymorphism", "Polymorphism\Polymorphism.csproj", "{B0D12EAB-4981-4720-B5C3-074513B4F8AD}"
EndProject
Global
	GlobalSection(SolutionConfigurationPlatforms) = preSolution
		Debug|Any CPU = Debug|Any CPU
		Release|Any CPU = Release|Any CPU
	EndGlobalSection
	GlobalSection(ProjectConfigurationPlatforms) = postSolution
		{B0D12EAB-4981-4720-B5C3-074513B4F8AD}.Debug|Any CPU.ActiveCfg = Debug|Any CPU
		{B0D12EAB-4981-4720-B5C3-074513B4F8AD}.Debug|Any CPU.Build.0 = Debug|Any CPU
		{B0D12EAB-4981-4720-B5C3-074513B4F8AD}.Release|Any CPU.ActiveCfg = Release|Any CPU
		{B0D12EAB-4981-4720-B5C3-074513B4F8AD}.Release|Any CPU.Build.0 = Release|Any CPU
	EndGlobalSection
	GlobalSection(SolutionProperties) = preSolution
		HideSolutionNode = FALSE
	EndGlobalSection
	GlobalSection(ExtensibilityGlobals) = postSolution
		SolutionGuid = {584D33F0-D6BB-49E3-8DA6-C607D4B9320B}
	EndGlobalSection
EndGlobal
